
  mdurl@2.0.0: {}

  media-typer@1.1.0: {}

  merge-descriptors@2.0.0: {}

  merge2@1.4.1: {}

  micromatch@4.0.8:
    dependencies:
      braces: 3.0.3
      picomatch: 2.3.2

  mime-db@1.54.0: {}

  mime-types@3.0.2:
    dependencies:
      mime-db: 1.54.0

  minimatch@10.2.5:
    dependencies:
      brace-expansion: 5.0.6

  minimist@1.2.8: {}

  mitt@3.0.1: {}

  modern-screenshot@4.7.0: {}

  motion-dom@12.38.0:
    dependencies:
      motion-utils: 12.36.0

  motion-utils@12.36.0: {}

  ms@2.1.3: {}

  mz@2.7.0:
    dependencies:
      any-promise: 1.3.0
      object-assign: 4.1.1
      thenify-all: 1.6.0

  nanoid@3.3.12: {}

  nanoid@5.1.11: {}

  negotiator@1.0.0: {}

  next-themes@0.4.6(react-dom@18.3.1(react@18.3.1))(react@18.3.1):
    dependencies:
      react: 18.3.1
      react-dom: 18.3.1(react@18.3.1)

  next-themes@0.4.6(react-dom@19.1.0(react@19.1.0))(react@19.1.0):
    dependencies:
      react: 19.1.0
      react-dom: 19.1.0(react@19.1.0)

  node-domexception@1.0.0: {}

  node-fetch@3.3.2:
    dependencies:
      data-uri-to-buffer: 4.0.1
      fetch-blob: 3.2.0
      formdata-polyfill: 4.0.10

  node-releases@2.0.38: {}

  normalize-path@3.0.0: {}

  npm-run-path@6.0.0:
    dependencies:
      path-key: 4.0.0
      unicorn-magic: 0.3.0

  object-assign@4.1.1: {}

  object-hash@3.0.0: {}

  object-inspect@1.13.4: {}

  on-exit-leak-free@2.1.2: {}

  on-finished@2.4.1:
    dependencies:
      ee-first: 1.1.1

  once@1.4.0:
    dependencies:
      wrappy: 1.0.2

  orval@8.9.1(prettier@3.8.3)(typescript@5.9.3):
    dependencies:
      '@commander-js/extra-typings': 14.0.0(commander@14.0.3)
      '@orval/angular': 8.9.1(typescript@5.9.3)
      '@orval/axios': 8.9.1(typescript@5.9.3)
      '@orval/core': 8.9.1(typescript@5.9.3)
      '@orval/fetch': 8.9.1(typescript@5.9.3)
      '@orval/hono': 8.9.1(typescript@5.9.3)
      '@orval/mcp': 8.9.1(typescript@5.9.3)
      '@orval/mock': 8.9.1(typescript@5.9.3)
      '@orval/query': 8.9.1(typescript@5.9.3)
      '@orval/solid-start': 8.9.1(typescript@5.9.3)
      '@orval/swr': 8.9.1(typescript@5.9.3)
      '@orval/zod': 8.9.1(typescript@5.9.3)
      '@scalar/json-magic': 0.12.12
      '@scalar/openapi-parser': 0.25.12
      '@scalar/openapi-types': 0.8.0
      chokidar: 5.0.0
      commander: 14.0.3
      enquirer: 2.4.1
      execa: 9.6.1
      find-up: 8.0.0
      fs-extra: 11.3.5
      jiti: 2.7.0
      js-yaml: 4.1.1
      remeda: 2.34.0
      string-argv: 0.3.2
      tsconfck: 3.1.6(typescript@5.9.3)
      typedoc: 0.28.19(typescript@5.9.3)
      typedoc-plugin-coverage: 4.0.3(typedoc@0.28.19(typescript@5.9.3))
      typedoc-plugin-markdown: 4.11.0(typedoc@0.28.19(typescript@5.9.3))
    optionalDependencies:
      prettier: 3.8.3
    transitivePeerDependencies:
      - '@faker-js/faker'
      - supports-color
      - typescript

  p-limit@4.0.0:
    dependencies:
      yocto-queue: 1.2.2

  p-locate@6.0.0:
    dependencies:
      p-limit: 4.0.0

  pako@2.1.0: {}

  parse-ms@4.0.0: {}

  parseurl@1.3.3: {}

  path-key@3.1.1: {}

  path-key@4.0.0: {}

  path-parse@1.0.7: {}

  path-to-regexp@8.4.2: {}

  pathe@2.0.3: {}

  performance-now@2.1.0:
    optional: true

  pg-cloudflare@1.3.0:
    optional: true

  pg-connection-string@2.12.0: {}

  pg-int8@1.0.1: {}

  pg-pool@3.13.0(pg@8.20.0):
    dependencies:
      pg: 8.20.0

  pg-protocol@1.13.0: {}

  pg-types@2.2.0:
    dependencies:
      pg-int8: 1.0.1
      postgres-array: 2.0.0
      postgres-bytea: 1.0.1
      postgres-date: 1.0.7
      postgres-interval: 1.2.0

  pg@8.20.0:
    dependencies:
      pg-connection-string: 2.12.0
      pg-pool: 3.13.0(pg@8.20.0)
      pg-protocol: 1.13.0
      pg-types: 2.2.0
      pgpass: 1.0.5
    optionalDependencies:
      pg-cloudflare: 1.3.0

  pgpass@1.0.5:
    dependencies:
      split2: 4.2.0

  picocolors@1.1.1: {}

  picomatch@2.3.2: {}

  picomatch@4.0.4: {}

  pify@2.3.0: {}

  pino-abstract-transport@2.0.0:
    dependencies:
      split2: 4.2.0

  pino-abstract-transport@3.0.0:
    dependencies:
      split2: 4.2.0

  pino-http@10.5.0:
    dependencies:
      get-caller-file: 2.0.5
      pino: 9.14.0
      pino-std-serializers: 7.1.0
      process-warning: 5.0.0

  pino-pretty@13.1.3:
    dependencies:
      colorette: 2.0.20
      dateformat: 4.6.3
      fast-copy: 4.0.3
      fast-safe-stringify: 2.1.1
      help-me: 5.0.0
      joycon: 3.1.1
      minimist: 1.2.8
      on-exit-leak-free: 2.1.2
      pino-abstract-transport: 3.0.0
      pump: 3.0.4
      secure-json-parse: 4.1.0
      sonic-boom: 4.2.1
      strip-json-comments: 5.0.3

  pino-std-serializers@7.1.0: {}

  pino@9.14.0:
    dependencies:
      '@pinojs/redact': 0.4.0
      atomic-sleep: 1.0.0
      on-exit-leak-free: 2.1.2
      pino-abstract-transport: 2.0.0
      pino-std-serializers: 7.1.0
      process-warning: 5.0.0
      quick-format-unescaped: 4.0.4
      real-require: 0.2.0
      safe-stable-stringify: 2.5.0
      sonic-boom: 4.2.1
      thread-stream: 3.1.0

  pirates@4.0.7: {}

  postcss-import@15.1.0(postcss@8.5.14):
    dependencies:
      postcss: 8.5.14
      postcss-value-parser: 4.2.0
      read-cache: 1.0.0
      resolve: 1.22.12

  postcss-js@4.1.0(postcss@8.5.14):
    dependencies:
      camelcase-css: 2.0.1
      postcss: 8.5.14

  postcss-load-config@6.0.1(jiti@1.21.7)(postcss@8.5.14)(tsx@4.21.0)(yaml@2.8.4):
    dependencies:
      lilconfig: 3.1.3
    optionalDependencies:
      jiti: 1.21.7
      postcss: 8.5.14
      tsx: 4.21.0
      yaml: 2.8.4

  postcss-nested@6.2.0(postcss@8.5.14):
    dependencies:
      postcss: 8.5.14
      postcss-selector-parser: 6.1.2

  postcss-selector-parser@6.0.10:
    dependencies:
      cssesc: 3.0.0
      util-deprecate: 1.0.2

  postcss-selector-parser@6.1.2:
    dependencies:
      cssesc: 3.0.0
      util-deprecate: 1.0.2

  postcss-value-parser@4.2.0: {}

  postcss@8.5.14:
    dependencies:
      nanoid: 3.3.12
      picocolors: 1.1.1
      source-map-js: 1.2.1

  postgres-array@2.0.0: {}

  postgres-bytea@1.0.1: {}

  postgres-date@1.0.7: {}

  postgres-interval@1.2.0:
    dependencies:
      xtend: 4.0.2

  prettier@3.8.3: {}

  pretty-ms@9.3.0:
    dependencies:
      parse-ms: 4.0.0

  process-warning@5.0.0: {}

  prop-types@15.8.1:
    dependencies:
      loose-envify: 1.4.0
      object-assign: 4.1.1
      react-is: 16.13.1

  proxy-addr@2.0.7:
    dependencies:
      forwarded: 0.2.0
      ipaddr.js: 1.9.1

  pump@3.0.4:
    dependencies:
      end-of-stream: 1.4.5
      once: 1.4.0

  punycode.js@2.3.1: {}

  qs@6.15.1:
    dependencies:
      side-channel: 1.1.0

  queue-microtask@1.2.3: {}

  quick-format-unescaped@4.0.4: {}

  raf@3.4.1:
    dependencies:
      performance-now: 2.1.0
    optional: true

  range-parser@1.2.1: {}

  raw-body@3.0.2:
    dependencies:
      bytes: 3.1.2
      http-errors: 2.0.1
      iconv-lite: 0.7.2
      unpipe: 1.0.0

  react-day-picker@9.14.0(react@18.3.1):
    dependencies:
      '@date-fns/tz': 1.4.1
      '@tabby_ai/hijri-converter': 1.0.5
      date-fns: 4.1.0
      date-fns-jalali: 4.1.0-0
      react: 18.3.1

  react-day-picker@9.14.0(react@19.1.0):
    dependencies:
      '@date-fns/tz': 1.4.1
      '@tabby_ai/hijri-converter': 1.0.5
      date-fns: 4.1.0
      date-fns-jalali: 4.1.0-0
      react: 19.1.0

  react-dom@18.3.1(react@18.3.1):
    dependencies:
      loose-envify: 1.4.0
      react: 18.3.1
      scheduler: 0.23.2

  react-dom@19.1.0(react@19.1.0):
    dependencies:
      react: 19.1.0
      scheduler: 0.26.0

  react-hook-form@7.75.0(react@18.3.1):
    dependencies:
      react: 18.3.1

  react-hook-form@7.75.0(react@19.1.0):
    dependencies:
      react: 19.1.0

  react-hot-toast@2.6.0(react-dom@18.3.1(react@18.3.1))(react@18.3.1):
    dependencies:
      csstype: 3.2.3
      goober: 2.1.19(csstype@3.2.3)
      react: 18.3.1
      react-dom: 18.3.1(react@18.3.1)

  react-is@16.13.1: {}

  react-is@18.3.1: {}

  react-is@19.2.7: {}

  react-refresh@0.17.0: {}

  react-refresh@0.18.0: {}

  react-remove-scroll-bar@2.3.8(@types/react@18.3.30)(react@18.3.1):
    dependencies:
      react: 18.3.1
      react-style-singleton: 2.2.3(@types/react@18.3.30)(react@18.3.1)
      tslib: 2.8.1
    optionalDependencies:
      '@types/react': 18.3.30

  react-remove-scroll-bar@2.3.8(@types/react@19.2.14)(react@19.1.0):
    dependencies:
      react: 19.1.0
      react-style-singleton: 2.2.3(@types/react@19.2.14)(react@19.1.0)
      tslib: 2.8.1
    optionalDependencies:
      '@types/react': 19.2.14

  react-remove-scroll@2.7.2(@types/react@18.3.30)(react@18.3.1):
    dependencies:
      react: 18.3.1
      react-remove-scroll-bar: 2.3.8(@types/react@18.3.30)(react@18.3.1)
      react-style-singleton: 2.2.3(@types/react@18.3.30)(react@18.3.1)
      tslib: 2.8.1
      use-callback-ref: 1.3.3(@types/react@18.3.30)(react@18.3.1)
      use-sidecar: 1.1.3(@types/react@18.3.30)(react@18.3.1)
    optionalDependencies:
      '@types/react': 18.3.30

  react-remove-scroll@2.7.2(@types/react@19.2.14)(react@19.1.0):
    dependencies:
      react: 19.1.0
      react-remove-scroll-bar: 2.3.8(@types/react@19.2.14)(react@19.1.0)
      react-style-singleton: 2.2.3(@types/react@19.2.14)(react@19.1.0)
      tslib: 2.8.1
      use-callback-ref: 1.3.3(@types/react@19.2.14)(react@19.1.0)
      use-sidecar: 1.1.3(@types/react@19.2.14)(react@19.1.0)
    optionalDependencies:
      '@types/react': 19.2.14

  react-resizable-panels@2.1.9(react-dom@18.3.1(react@18.3.1))(react@18.3.1):
    dependencies:
      react: 18.3.1
      react-dom: 18.3.1(react@18.3.1)

  react-resizable-panels@2.1.9(react-dom@19.1.0(react@19.1.0))(react@19.1.0):
    dependencies:
      react: 19.1.0
      react-dom: 19.1.0(react@19.1.0)

  react-smooth@4.0.4(react-dom@18.3.1(react@18.3.1))(react@18.3.1):
    dependencies:
      fast-equals: 5.4.0
      prop-types: 15.8.1
      react: 18.3.1
      react-dom: 18.3.1(react@18.3.1)
      react-transition-group: 4.4.5(react-dom@18.3.1(react@18.3.1))(react@18.3.1)

  react-smooth@4.0.4(react-dom@19.1.0(react@19.1.0))(react@19.1.0):
    dependencies:
      fast-equals: 5.4.0
      prop-types: 15.8.1
      react: 19.1.0
      react-dom: 19.1.0(react@19.1.0)
      react-transition-group: 4.4.5(react-dom@19.1.0(react@19.1.0))(react@19.1.0)

  react-style-singleton@2.2.3(@types/react@18.3.30)(react@18.3.1):
    dependencies:
      get-nonce: 1.0.1
      react: 18.3.1
      tslib: 2.8.1
    optionalDependencies:
      '@types/react': 18.3.30

  react-style-singleton@2.2.3(@types/react@19.2.14)(react@19.1.0):
    dependencies:
      get-nonce: 1.0.1
      react: 19.1.0
      tslib: 2.8.1
    optionalDependencies:
      '@types/react': 19.2.14

  react-transition-group@4.4.5(react-dom@18.3.1(react@18.3.1))(react@18.3.1):
    dependencies:
      '@babel/runtime': 7.29.2
      dom-helpers: 5.2.1
      loose-envify: 1.4.0
      prop-types: 15.8.1
      react: 18.3.1
      react-dom: 18.3.1(react@18.3.1)

  react-transition-group@4.4.5(react-dom@19.1.0(react@19.1.0))(react@19.1.0):
    dependencies:
      '@babel/runtime': 7.29.2
      dom-helpers: 5.2.1
      loose-envify: 1.4.0
      prop-types: 15.8.1
      react: 19.1.0
      react-dom: 19.1.0(react@19.1.0)

  react@18.3.1:
    dependencies:
      loose-envify: 1.4.0

  react@19.1.0: {}

  read-cache@1.0.0:
    dependencies:
      pify: 2.3.0

  readdirp@3.6.0:
    dependencies:
      picomatch: 2.3.2

  readdirp@4.1.2: {}

  readdirp@5.0.0: {}

  real-require@0.2.0: {}

  recharts-scale@0.4.5:
    dependencies:
      decimal.js-light: 2.5.1

  recharts@2.15.4(react-dom@18.3.1(react@18.3.1))(react@18.3.1):
    dependencies:
      clsx: 2.1.1
      eventemitter3: 4.0.7
      lodash: 4.18.1
      react: 18.3.1
      react-dom: 18.3.1(react@18.3.1)
      react-is: 18.3.1
      react-smooth: 4.0.4(react-dom@18.3.1(react@18.3.1))(react@18.3.1)
      recharts-scale: 0.4.5
      tiny-invariant: 1.3.3
      victory-vendor: 36.9.2

  recharts@2.15.4(react-dom@19.1.0(react@19.1.0))(react@19.1.0):
    dependencies:
      clsx: 2.1.1
      eventemitter3: 4.0.7
      lodash: 4.18.1
      react: 19.1.0
      react-dom: 19.1.0(react@19.1.0)
      react-is: 18.3.1
      react-smooth: 4.0.4(react-dom@19.1.0(react@19.1.0))(react@19.1.0)
      recharts-scale: 0.4.5
      tiny-invariant: 1.3.3
      victory-vendor: 36.9.2

  regenerator-runtime@0.13.11:
    optional: true

  regexparam@3.0.0: {}

  remeda@2.34.0: {}

  require-from-string@2.0.2: {}

  resolve-pkg-maps@1.0.0: {}

  resolve@1.22.12:
    dependencies:
      es-errors: 1.3.0
      is-core-module: 2.16.2
      path-parse: 1.0.7
      supports-preserve-symlinks-flag: 1.0.0

  reusify@1.1.0: {}

  rgbcolor@1.0.1:
    optional: true

  rollup@4.60.3:
    dependencies:
      '@types/estree': 1.0.8
    optionalDependencies:
      '@rollup/rollup-linux-x64-gnu': 4.60.3
      fsevents: 2.3.3

  router@2.2.0:
    dependencies:
      debug: 4.4.3
      depd: 2.0.0
      is-promise: 4.0.0
      parseurl: 1.3.3
      path-to-regexp: 8.4.2
    transitivePeerDependencies:
      - supports-color

  run-parallel@1.2.0:
    dependencies:
      queue-microtask: 1.2.3

  safe-buffer@5.2.1: {}

  safe-stable-stringify@2.5.0: {}

  safer-buffer@2.1.2: {}

  scheduler@0.23.2:
    dependencies:
      loose-envify: 1.4.0

  scheduler@0.26.0: {}

  scheduler@0.27.0: {}

  secure-json-parse@4.1.0: {}

  semver@6.3.1: {}

  semver@7.8.1: {}

  send@1.2.1:
    dependencies:
      debug: 4.4.3
      encodeurl: 2.0.0
      escape-html: 1.0.3
      etag: 1.8.1
      fresh: 2.0.0
      http-errors: 2.0.1
      mime-types: 3.0.2
      ms: 2.1.3
      on-finished: 2.4.1
      range-parser: 1.2.1
      statuses: 2.0.2
    transitivePeerDependencies:
      - supports-color

  serve-static@2.2.1:
    dependencies:
      encodeurl: 2.0.0
      escape-html: 1.0.3
      parseurl: 1.3.3
      send: 1.2.1
    transitivePeerDependencies:
      - supports-color

  setprototypeof@1.2.0: {}

  shebang-command@2.0.0:
    dependencies:
      shebang-regex: 3.0.0

  shebang-regex@3.0.0: {}

  side-channel-list@1.0.1:
    dependencies:
      es-errors: 1.3.0
      object-inspect: 1.13.4

  side-channel-map@1.0.1:
    dependencies:
      call-bound: 1.0.4
      es-errors: 1.3.0
      get-intrinsic: 1.3.0
      object-inspect: 1.13.4

  side-channel-weakmap@1.0.2:
    dependencies:
      call-bound: 1.0.4
      es-errors: 1.3.0
      get-intrinsic: 1.3.0
      object-inspect: 1.13.4
      side-channel-map: 1.0.1

  side-channel@1.1.0:
    dependencies:
      es-errors: 1.3.0
      object-inspect: 1.13.4
      side-channel-list: 1.0.1
      side-channel-map: 1.0.1
      side-channel-weakmap: 1.0.2

  signal-exit@4.1.0: {}

  slash@5.1.0: {}

  sonic-boom@4.2.1:
    dependencies:
      atomic-sleep: 1.0.0

  sonner@2.0.7(react-dom@18.3.1(react@18.3.1))(react@18.3.1):
    dependencies:
      react: 18.3.1
      react-dom: 18.3.1(react@18.3.1)

  sonner@2.0.7(react-dom@19.1.0(react@19.1.0))(react@19.1.0):
    dependencies:
      react: 19.1.0
      react-dom: 19.1.0(react@19.1.0)

  source-map-js@1.2.1: {}

  split2@4.2.0: {}

  stackblur-canvas@2.7.0:
    optional: true

  statuses@2.0.2: {}

  string-argv@0.3.2: {}

  strip-ansi@6.0.1:
    dependencies:
      ansi-regex: 5.0.1

  strip-final-newline@4.0.0: {}

  strip-json-comments@5.0.3: {}

  sucrase@3.35.1:
    dependencies:
      '@jridgewell/gen-mapping': 0.3.13
      commander: 4.1.1
      lines-and-columns: 1.2.4
      mz: 2.7.0
      pirates: 4.0.7
      tinyglobby: 0.2.16
      ts-interface-checker: 0.1.13

  supports-preserve-symlinks-flag@1.0.0: {}

  svg-pathdata@6.0.3:
    optional: true

  tailwind-merge@2.6.1: {}

  tailwind-merge@3.5.0: {}

  tailwindcss-animate@1.0.7(tailwindcss@3.4.19(tsx@4.21.0)(yaml@2.8.4)):
    dependencies:
      tailwindcss: 3.4.19(tsx@4.21.0)(yaml@2.8.4)

  tailwindcss-animate@1.0.7(tailwindcss@4.3.0):
    dependencies:
      tailwindcss: 4.3.0

  tailwindcss@3.4.19(tsx@4.21.0)(yaml@2.8.4):
    dependencies:
      '@alloc/quick-lru': 5.2.0
      arg: 5.0.2
      chokidar: 3.6.0
      didyoumean: 1.2.2
      dlv: 1.1.3
      fast-glob: 3.3.3
      glob-parent: 6.0.2
      is-glob: 4.0.3
      jiti: 1.21.7
      lilconfig: 3.1.3
      micromatch: 4.0.8
      normalize-path: 3.0.0
      object-hash: 3.0.0
      picocolors: 1.1.1
      postcss: 8.5.14
      postcss-import: 15.1.0(postcss@8.5.14)
      postcss-js: 4.1.0(postcss@8.5.14)
      postcss-load-config: 6.0.1(jiti@1.21.7)(postcss@8.5.14)(tsx@4.21.0)(yaml@2.8.4)
      postcss-nested: 6.2.0(postcss@8.5.14)
      postcss-selector-parser: 6.1.2
      resolve: 1.22.12
      sucrase: 3.35.1
    transitivePeerDependencies:
      - tsx
      - yaml

  tailwindcss@4.3.0: {}

  tapable@2.3.3: {}

  text-segmentation@1.0.3:
    dependencies:
      utrie: 1.0.2

  thenify-all@1.6.0:
    dependencies:
      thenify: 3.3.1

  thenify@3.3.1:
    dependencies:
      any-promise: 1.3.0

  thread-stream@3.1.0:
    dependencies:
      real-require: 0.2.0

  tiny-invariant@1.3.3: {}

  tinyglobby@0.2.16:
    dependencies:
      fdir: 6.5.0(picomatch@4.0.4)
      picomatch: 4.0.4

  to-regex-range@5.0.1:
    dependencies:
      is-number: 7.0.0

  toidentifier@1.0.1: {}

  ts-interface-checker@0.1.13: {}

  tsconfck@3.1.6(typescript@5.9.3):
    optionalDependencies:
      typescript: 5.9.3

  tslib@2.8.1: {}

  tsx@4.21.0:
    dependencies:
      esbuild: 0.27.3
      get-tsconfig: 4.14.0
    optionalDependencies:
      fsevents: 2.3.3

  tw-animate-css@1.4.0: {}

  type-is@2.1.0:
    dependencies:
      content-type: 2.0.0
      media-typer: 1.1.0
      mime-types: 3.0.2

  typedoc-plugin-coverage@4.0.3(typedoc@0.28.19(typescript@5.9.3)):
    dependencies:
      typedoc: 0.28.19(typescript@5.9.3)

  typedoc-plugin-markdown@4.11.0(typedoc@0.28.19(typescript@5.9.3)):
    dependencies:
      typedoc: 0.28.19(typescript@5.9.3)

  typedoc@0.28.19(typescript@5.9.3):
    dependencies:
      '@gerrit0/mini-shiki': 3.23.0
      lunr: 2.3.9
      markdown-it: 14.1.1
      minimatch: 10.2.5
      typescript: 5.9.3
      yaml: 2.8.4

  typescript@5.9.3: {}

  uc.micro@2.1.0: {}

  undici-types@6.21.0: {}

  undici-types@7.19.2: {}

  unicorn-magic@0.3.0: {}

  unicorn-magic@0.4.0: {}

  universalify@2.0.1: {}

  unpipe@1.0.0: {}

  update-browserslist-db@1.2.3(browserslist@4.28.2):
    dependencies:
      browserslist: 4.28.2
      escalade: 3.2.0
      picocolors: 1.1.1

  use-callback-ref@1.3.3(@types/react@18.3.30)(react@18.3.1):
    dependencies:
      react: 18.3.1
      tslib: 2.8.1
    optionalDependencies:
      '@types/react': 18.3.30

  use-callback-ref@1.3.3(@types/react@19.2.14)(react@19.1.0):
    dependencies:
      react: 19.1.0
      tslib: 2.8.1
    optionalDependencies:
      '@types/react': 19.2.14

  use-sidecar@1.1.3(@types/react@18.3.30)(react@18.3.1):
    dependencies:
      detect-node-es: 1.1.0
      react: 18.3.1
      tslib: 2.8.1
    optionalDependencies:
      '@types/react': 18.3.30

  use-sidecar@1.1.3(@types/react@19.2.14)(react@19.1.0):
    dependencies:
      detect-node-es: 1.1.0
      react: 19.1.0
      tslib: 2.8.1
    optionalDependencies:
      '@types/react': 19.2.14

  use-sync-external-store@1.6.0(react@18.3.1):
    dependencies:
      react: 18.3.1

  use-sync-external-store@1.6.0(react@19.1.0):
    dependencies:
      react: 19.1.0

  util-deprecate@1.0.2: {}

  utrie@1.0.2:
    dependencies:
      base64-arraybuffer: 1.0.2

  vary@1.1.2: {}

  vaul@1.1.2(@types/react-dom@18.3.7(@types/react@18.3.30))(@types/react@18.3.30)(react-dom@18.3.1(react@18.3.1))(react@18.3.1):
    dependencies:
      '@radix-ui/react-dialog': 1.1.15(@types/react-dom@18.3.7(@types/react@18.3.30))(@types/react@18.3.30)(react-dom@18.3.1(react@18.3.1))(react@18.3.1)
      react: 18.3.1
      react-dom: 18.3.1(react@18.3.1)
    transitivePeerDependencies:
      - '@types/react'
      - '@types/react-dom'

  vaul@1.1.2(@types/react-dom@19.2.3(@types/react@19.2.14))(@types/react@19.2.14)(react-dom@19.1.0(react@19.1.0))(react@19.1.0):
    dependencies:
      '@radix-ui/react-dialog': 1.1.15(@types/react-dom@19.2.3(@types/react@19.2.14))(@types/react@19.2.14)(react-dom@19.1.0(react@19.1.0))(react@19.1.0)
      react: 19.1.0
      react-dom: 19.1.0(react@19.1.0)
    transitivePeerDependencies:
      - '@types/react'
      - '@types/react-dom'

  victory-vendor@36.9.2:
    dependencies:
      '@types/d3-array': 3.2.2
      '@types/d3-ease': 3.0.2
      '@types/d3-interpolate': 3.0.4
      '@types/d3-scale': 4.0.9
      '@types/d3-shape': 3.1.8
      '@types/d3-time': 3.0.4
      '@types/d3-timer': 3.0.2
      d3-array: 3.2.4
      d3-ease: 3.0.1
      d3-interpolate: 3.0.1
      d3-scale: 4.0.2
      d3-shape: 3.2.0
      d3-time: 3.1.0
      d3-timer: 3.0.1

  victory-vendor@37.3.6:
    dependencies:
      '@types/d3-array': 3.2.2
      '@types/d3-ease': 3.0.2
      '@types/d3-interpolate': 3.0.4
      '@types/d3-scale': 4.0.9
      '@types/d3-shape': 3.1.8
      '@types/d3-time': 3.0.4
      '@types/d3-timer': 3.0.2
      d3-array: 3.2.4
      d3-ease: 3.0.1
      d3-interpolate: 3.0.1
      d3-scale: 4.0.2
      d3-shape: 3.2.0
      d3-time: 3.1.0
      d3-timer: 3.0.1

  vite@5.4.21(@types/node@22.19.19)(lightningcss@1.32.0):
    dependencies:
      esbuild: 0.27.3
      postcss: 8.5.14
      rollup: 4.60.3
    optionalDependencies:
      '@types/node': 22.19.19
      fsevents: 2.3.3
      lightningcss: 1.32.0

  vite@7.3.3(@types/node@25.6.2)(jiti@2.7.0)(lightningcss@1.32.0)(tsx@4.21.0)(yaml@2.8.4):
    dependencies:
      esbuild: 0.27.3
      fdir: 6.5.0(picomatch@4.0.4)
      picomatch: 4.0.4
      postcss: 8.5.14
      rollup: 4.60.3
      tinyglobby: 0.2.16
    optionalDependencies:
      '@types/node': 25.6.2
      fsevents: 2.3.3
      jiti: 2.7.0
      lightningcss: 1.32.0
      tsx: 4.21.0
      yaml: 2.8.4

  web-streams-polyfill@3.3.3: {}

  which@2.0.2:
    dependencies:
      isexe: 2.0.0

  wouter@3.10.0(react@18.3.1):
    dependencies:
      mitt: 3.0.1
      react: 18.3.1
      regexparam: 3.0.0
      use-sync-external-store: 1.6.0(react@18.3.1)

  wrappy@1.0.2: {}

  xtend@4.0.2: {}

  yallist@3.1.1: {}

  yaml@2.8.4: {}

  yocto-queue@1.2.2: {}

  yoctocolors@2.1.2: {}

  zod@3.25.76: {}
